
Microsoft Visual Studio Solution File, Format Version 12.00
# Visual Studio Version 17
VisualStudioVersion = 17.14.36221.1
MinimumVisualStudioVersion = 10.0.40219.1
Project("{FAE04EC0-301F-11D3-BF4B-00C04F79EFBC}") = "Backend.API", "Backend.API\Backend.API.csproj", "{1534C55A-9D18-4CC8-8F21-E798B4E1D223}"
EndProject
Project("{FAE04EC0-301F-11D3-BF4B-00C04F79EFBC}") = "Backend.Service", "Backend.Service\Backend.Service.csproj", "{8A82ED40-5FB1-469E-890D-E73E9B072532}"
EndProject
Project("{FAE04EC0-301F-11D3-BF4B-00C04F79EFBC}") = "Backend.Repo", "Backend.Repo\Backend.Repo.csproj", "{EFB55935-A3B1-4FB3-9E92-B47E2DCAC31F}"
EndProject
Project("{FAE04EC0-301F-11D3-BF4B-00C04F79EFBC}") = "Backend.SQLContext", "Backend.DbContext\Backend.SQLContext.csproj", "{685F5320-3BE5-45CE-A1A2-590E47248B4B}"
EndProject
Project("{FAE04EC0-301F-11D3-BF4B-00C04F79EFBC}") = "Backend.Common", "Backend.Common\Backend.Common.csproj", "{CCB29BCF-E874-48D7-AC52-F3F533AE2C41}"
EndProject
Global
	GlobalSection(SolutionConfigurationPlatforms) = preSolution
		Debug|Any CPU = Debug|Any CPU
		Release|Any CPU = Release|Any CPU
	EndGlobalSection
	GlobalSection(ProjectConfigurationPlatforms) = postSolution
		{1534C55A-9D18-4CC8-8F21-E798B4E1D223}.Debug|Any CPU.ActiveCfg = Debug|Any CPU
		{1534C55A-9D18-4CC8-8F21-E798B4E1D223}.Debug|Any CPU.Build.0 = Debug|Any CPU
		{1534C55A-9D18-4CC8-8F21-E798B4E1D223}.Release|Any CPU.ActiveCfg = Release|Any CPU
		{1534C55A-9D18-4CC8-8F21-E798B4E1D223}.Release|Any CPU.Build.0 = Release|Any CPU
		{8A82ED40-5FB1-469E-890D-E73E9B072532}.Debug|Any CPU.ActiveCfg = Debug|Any CPU
		{8A82ED40-5FB1-469E-890D-E73E9B072532}.Debug|Any CPU.Build.0 = Debug|Any CPU
		{8A82ED40-5FB1-469E-890D-E73E9B072532}.Release|Any CPU.ActiveCfg = Release|Any CPU
		{8A82ED40-5FB1-469E-890D-E73E9B072532}.Release|Any CPU.Build.0 = Release|Any CPU
		{EFB55935-A3B1-4FB3-9E92-B47E2DCAC31F}.Debug|Any CPU.ActiveCfg = Debug|Any CPU
		{EFB55935-A3B1-4FB3-9E92-B47E2DCAC31F}.Debug|Any CPU.Build.0 = Debug|Any CPU
		{EFB55935-A3B1-4FB3-9E92-B47E2DCAC31F}.Release|Any CPU.ActiveCfg = Release|Any CPU
		{EFB55935-A3B1-4FB3-9E92-B47E2DCAC31F}.Release|Any CPU.Build.0 = Release|Any CPU
		{685F5320-3BE5-45CE-A1A2-590E47248B4B}.Debug|Any CPU.ActiveCfg = Debug|Any CPU
		{685F5320-3BE5-45CE-A1A2-590E47248B4B}.Debug|Any CPU.Build.0 = Debug|Any CPU
		{685F5320-3BE5-45CE-A1A2-590E47248B4B}.Release|Any CPU.ActiveCfg = Release|Any CPU
		{685F5320-3BE5-45CE-A1A2-590E47248B4B}.Release|Any CPU.Build.0 = Release|Any CPU
		{CCB29BCF-E874-48D7-AC52-F3F533AE2C41}.Debug|Any CPU.ActiveCfg = Debug|Any CPU
		{CCB29BCF-E874-48D7-AC52-F3F533AE2C41}.Debug|Any CPU.Build.0 = Debug|Any CPU
		{CCB29BCF-E874-48D7-AC52-F3F533AE2C41}.Release|Any CPU.ActiveCfg = Release|Any CPU
		{CCB29BCF-E874-48D7-AC52-F3F533AE2C41}.Release|Any CPU.Build.0 = Release|Any CPU
	EndGlobalSection
	GlobalSection(SolutionProperties) = preSolution
		HideSolutionNode = FALSE
	EndGlobalSection
	GlobalSection(ExtensibilityGlobals) = postSolution
		SolutionGuid = {810C503F-F1E9-4E0A-AA80-677DE8A458CA}
	EndGlobalSection
EndGlobal
